
Microsoft Visual Studio Solution File, Format Version 12.00
# Visual Studio Version 17
VisualStudioVersion = 17.9.34723.18
MinimumVisualStudioVersion = 10.0.40219.1
Project("{9A19103F-16F7-4668-BE54-9A1E7A4F7556}") = "OmniFi_API", "OmniFi_API\OmniFi_API.csproj", "{DC0FD090-716C-42D9-B6E7-75E48668BB28}"
EndProject
Project("{9A19103F-16F7-4668-BE54-9A1E7A4F7556}") = "ConsoleTestApp", "ConsoleTestApp\ConsoleTestApp.csproj", "{ED524592-BDB3-45CF-8455-5B9432862003}"
EndProject
Project("{FAE04EC0-301F-11D3-BF4B-00C04F79EFBC}") = "OmniFi_API_Tests", "OmniFi_API_Tests\OmniFi_API_Tests.csproj", "{93E78880-9636-4129-AD91-F27BE7D4B966}"
EndProject
Global
	GlobalSection(SolutionConfigurationPlatforms) = preSolution
		Debug|Any CPU = Debug|Any CPU
		Release|Any CPU = Release|Any CPU
	EndGlobalSection
	GlobalSection(ProjectConfigurationPlatforms) = postSolution
		{DC0FD090-716C-42D9-B6E7-75E48668BB28}.Debug|Any CPU.ActiveCfg = Debug|Any CPU
		{DC0FD090-716C-42D9-B6E7-75E48668BB28}.Debug|Any CPU.Build.0 = Debug|Any CPU
		{DC0FD090-716C-42D9-B6E7-75E48668BB28}.Release|Any CPU.ActiveCfg = Release|Any CPU
		{DC0FD090-716C-42D9-B6E7-75E48668BB28}.Release|Any CPU.Build.0 = Release|Any CPU
		{ED524592-BDB3-45CF-8455-5B9432862003}.Debug|Any CPU.ActiveCfg = Debug|Any CPU
		{ED524592-BDB3-45CF-8455-5B9432862003}.Debug|Any CPU.Build.0 = Debug|Any CPU
		{ED524592-BDB3-45CF-8455-5B9432862003}.Release|Any CPU.ActiveCfg = Release|Any CPU
		{ED524592-BDB3-45CF-8455-5B9432862003}.Release|Any CPU.Build.0 = Release|Any CPU
		{93E78880-9636-4129-AD91-F27BE7D4B966}.Debug|Any CPU.ActiveCfg = Debug|Any CPU
		{93E78880-9636-4129-AD91-F27BE7D4B966}.Debug|Any CPU.Build.0 = Debug|Any CPU
		{93E78880-9636-4129-AD91-F27BE7D4B966}.Release|Any CPU.ActiveCfg = Release|Any CPU
		{93E78880-9636-4129-AD91-F27BE7D4B966}.Release|Any CPU.Build.0 = Release|Any CPU
	EndGlobalSection
	GlobalSection(SolutionProperties) = preSolution
		HideSolutionNode = FALSE
	EndGlobalSection
	GlobalSection(ExtensibilityGlobals) = postSolution
		SolutionGuid = {5715ECB2-0FFC-4683-9F67-CE7F862B342E}
	EndGlobalSection
EndGlobal
